
Microsoft Visual Studio Solution File, Format Version 12.00
# Visual Studio Version 17
VisualStudioVersion = 17.9.34728.123
MinimumVisualStudioVersion = 10.0.40219.1
Project("{9A19103F-16F7-4668-BE54-9A1E7A4F7556}") = "CrafCatApi", "CrafCatAPI\CrafCatApi.csproj", "{FFC19E67-7FF5-4B5A-9A16-38D06FE9DA37}"
EndProject
Global
	GlobalSection(SolutionConfigurationPlatforms) = preSolution
		Debug|Any CPU = Debug|Any CPU
		Release|Any CPU = Release|Any CPU
	EndGlobalSection
	GlobalSection(ProjectConfigurationPlatforms) = postSolution
		{FFC19E67-7FF5-4B5A-9A16-38D06FE9DA37}.Debug|Any CPU.ActiveCfg = Debug|Any CPU
		{FFC19E67-7FF5-4B5A-9A16-38D06FE9DA37}.Debug|Any CPU.Build.0 = Debug|Any CPU
		{FFC19E67-7FF5-4B5A-9A16-38D06FE9DA37}.Release|Any CPU.ActiveCfg = Release|Any CPU
		{FFC19E67-7FF5-4B5A-9A16-38D06FE9DA37}.Release|Any CPU.Build.0 = Release|Any CPU
	EndGlobalSection
	GlobalSection(SolutionProperties) = preSolution
		HideSolutionNode = FALSE
	EndGlobalSection
	GlobalSection(ExtensibilityGlobals) = postSolution
		SolutionGuid = {39121FEF-CF7F-4333-A7DA-51C51FB5807C}
	EndGlobalSection
EndGlobal
